
Microsoft Visual Studio Solution File, Format Version 12.00
# Visual Studio 15
VisualStudioVersion = 15.0.27703.2026
MinimumVisualStudioVersion = 10.0.40219.1
Project("{FAE04EC0-301F-11D3-BF4B-00C04F79EFBC}") = "CorsairHUE", "CorsairHUE\CorsairHUE.csproj", "{AC5F4020-D57C-40D4-94DB-E418F517310E}"
EndProject
Global
	GlobalSection(SolutionConfigurationPlatforms) = preSolution
		Debug|Any CPU = Debug|Any CPU
		Release|Any CPU = Release|Any CPU
	EndGlobalSection
	GlobalSection(ProjectConfigurationPlatforms) = postSolution
		{AC5F4020-D57C-40D4-94DB-E418F517310E}.Debug|Any CPU.ActiveCfg = Debug|Any CPU
		{AC5F4020-D57C-40D4-94DB-E418F517310E}.Debug|Any CPU.Build.0 = Debug|Any CPU
		{AC5F4020-D57C-40D4-94DB-E418F517310E}.Release|Any CPU.ActiveCfg = Release|Any CPU
		{AC5F4020-D57C-40D4-94DB-E418F517310E}.Release|Any CPU.Build.0 = Release|Any CPU
	EndGlobalSection
	GlobalSection(SolutionProperties) = preSolution
		HideSolutionNode = FALSE
	EndGlobalSection
	GlobalSection(ExtensibilityGlobals) = postSolution
		SolutionGuid = {CE4456C3-558A-43CA-A7C1-B04DA1F9B326}
	EndGlobalSection
EndGlobal
